
Microsoft Visual Studio Solution File, Format Version 12.00
Project("{FAE04EC0-301F-11D3-BF4B-00C04F79EFBC}") = "EtfDotNet", "EtfDotNet.csproj", "{42BC30B9-D706-4172-B70D-9941C8A08982}"
EndProject
Project("{FAE04EC0-301F-11D3-BF4B-00C04F79EFBC}") = "EtfDotNet.Benchmarks", "EtfDotNet.Benchmarks\EtfDotNet.Benchmarks.csproj", "{36593104-386E-42AA-9493-5B296FB8EE0E}"
EndProject
Project("{FAE04EC0-301F-11D3-BF4B-00C04F79EFBC}") = "EtfDotNet.Tests", "EtfDotNet.Tests\EtfDotNet.Tests.csproj", "{2D493131-28B4-4629-B5E1-04018ABDD27C}"
EndProject
Global
	GlobalSection(SolutionConfigurationPlatforms) = preSolution
		Debug|Any CPU = Debug|Any CPU
		Release|Any CPU = Release|Any CPU
	EndGlobalSection
	GlobalSection(ProjectConfigurationPlatforms) = postSolution
		{42BC30B9-D706-4172-B70D-9941C8A08982}.Debug|Any CPU.ActiveCfg = Debug|Any CPU
		{42BC30B9-D706-4172-B70D-9941C8A08982}.Debug|Any CPU.Build.0 = Debug|Any CPU
		{42BC30B9-D706-4172-B70D-9941C8A08982}.Release|Any CPU.ActiveCfg = Release|Any CPU
		{42BC30B9-D706-4172-B70D-9941C8A08982}.Release|Any CPU.Build.0 = Release|Any CPU
		{36593104-386E-42AA-9493-5B296FB8EE0E}.Debug|Any CPU.ActiveCfg = Debug|Any CPU
		{36593104-386E-42AA-9493-5B296FB8EE0E}.Debug|Any CPU.Build.0 = Debug|Any CPU
		{36593104-386E-42AA-9493-5B296FB8EE0E}.Release|Any CPU.ActiveCfg = Release|Any CPU
		{36593104-386E-42AA-9493-5B296FB8EE0E}.Release|Any CPU.Build.0 = Release|Any CPU
		{2D493131-28B4-4629-B5E1-04018ABDD27C}.Debug|Any CPU.ActiveCfg = Debug|Any CPU
		{2D493131-28B4-4629-B5E1-04018ABDD27C}.Debug|Any CPU.Build.0 = Debug|Any CPU
		{2D493131-28B4-4629-B5E1-04018ABDD27C}.Release|Any CPU.ActiveCfg = Release|Any CPU
		{2D493131-28B4-4629-B5E1-04018ABDD27C}.Release|Any CPU.Build.0 = Release|Any CPU
	EndGlobalSection
EndGlobal
